{
  "version": "2",
  "remote": {
    "https://deno.land/std@0.162.0/async/deferred.ts": "d8fb253ffde2a056e4889ef7e90f3928f28be9f9294b6505773d33f136aab4e6",
    "https://deno.land/std@0.83.0/async/deferred.ts": "ecdb71319e164ec4ace5a44e3ee991b52c21bfc19e498acdf8eccdc0b1184f70",
    "https://deno.land/std@0.83.0/async/delay.ts": "35957d585a6e3dd87706858fb1d6b551cb278271b03f52c5a2cb70e65e00c26a",
    "https://deno.land/std@0.83.0/async/mod.ts": "39f2602a005805dd1e6b9da4ee5391b14d15e8fec4fa5494a6165c599911d746",
    "https://deno.land/std@0.83.0/async/mux_async_iterator.ts": "2532c6f448fda34db7ab9504746db671c32425dd4ffa96eeb9df744c3038c106",
    "https://deno.land/std@0.83.0/async/pool.ts": "a499691231d8c249f044f69d204b479ad3af7f115e0b37342829eff076bc2450",
    "https://deno.land/std@0.83.0/encoding/base64.ts": "b1d8f99b778981548457ec74bc6273ad785ffd6f61b2233bd5b30925345b565d",
    "https://deno.land/std@0.83.0/encoding/hex.ts": "fa01b16414c8e04caa0055f2d8c4610a3ec714a04315d0afe6956e07d501e11d",
    "https://deno.land/std@0.83.0/fmt/colors.ts": "c5665c66f1a67228f21c5989bbb04b36d369b98dd7ceac06f5e26856c81c2531",
    "https://deno.land/std@0.83.0/hash/_wasm/hash.ts": "005f64c4d9343ecbc91e0da9ae5e800f146c20930ad829bbb872c5c06bd89c5f",
    "https://deno.land/std@0.83.0/hash/_wasm/wasm.js": "fa27095b91e6268682100997577f1d3478beab5b045777e27ff7b2b5d19c8fdc",
    "https://deno.land/std@0.83.0/hash/hasher.ts": "099c9e2a91b9f106b9f01379705e17e7d9de392ee1ea2b8684a2adfa82ac3bfc",
    "https://deno.land/std@0.83.0/hash/mod.ts": "e764a6a9ab2f5519a97f928e17cc13d984e3dd5c7f742ff9c1c8fb3114790f0c",
    "https://deno.land/std@0.83.0/node/_crypto/constants.ts": "f2426a2569c64b8fab49eddd58cb8a4cef4937cc41358ac0a9ad268435371832",
    "https://deno.land/std@0.83.0/node/_crypto/pbkdf2.ts": "a5f4d281abb77ad97e89ee4e027e89f866773f8286b3a276fca70666997021e4",
    "https://deno.land/std@0.83.0/node/_crypto/randomBytes.ts": "e6c1865cde3d609165068e2c48bf7f06dbb4cecc6aa88b7f20b6cccf82cf00b9",
    "https://deno.land/std@0.83.0/node/_crypto/types.ts": "a30809e13b3365d3d7ccd91cc48206f60bc3b8f25df15671b93c252818aa86d2",
    "https://deno.land/std@0.83.0/node/_errors.ts": "d56c7161f0734874e14547e11301749965b295aadeceaed3409911b725ea9972",
    "https://deno.land/std@0.83.0/node/_util/_util_callbackify.ts": "65fa4d9c1fdbbf5bf13fb870da31412b3de6490d06b20bc8832e97559f6c97e3",
    "https://deno.land/std@0.83.0/node/_util/_util_promisify.ts": "d0503d7c39367f1f026e60da6b979cf43e79feeeaef19c7b2d96d29e878757e9",
    "https://deno.land/std@0.83.0/node/_util/_util_types.ts": "217a4c1055289f25d1dc9097638aeeb7662136d34e6f49df5f27038872dc8d6f",
    "https://deno.land/std@0.83.0/node/_utils.ts": "e87f88c2f6e235d724cc68e9d835d6b48a9ec9c6bfa3ea173bbd94ac5d1109d9",
    "https://deno.land/std@0.83.0/node/buffer.ts": "d8ea34073b5f1cee77e696d4be110e4e73e8fec55b20cd974b798cf42b71df6c",
    "https://deno.land/std@0.83.0/node/crypto.ts": "ac8be8bec6973723579f98d3f81b0f949d52598c56985aac697532547e620823",
    "https://deno.land/std@0.83.0/node/util.ts": "88e8ada68e6a9af044320544a0a08876ddc9aaf1c9c7b4e11bec7dd4dc0db252",
    "https://deno.land/std@0.83.0/testing/_diff.ts": "9656b2dbe0a76684e705375fd03bfe0108e9e00845ccb9e47abff52f156fe4e8",
    "https://deno.land/std@0.83.0/testing/asserts.ts": "a8d30ca52b1bf4f928c521e80b58d04ed3930b9507c598cfffd1ecedf3f6eaf2",
    "https://deno.land/x/crypto_random_string@1.0.0/constants.ts": "834f718bc3e7bba4d19a28cbc9d289309c6c3db5d6486c300d509fffa42a75d6",
    "https://deno.land/x/crypto_random_string@1.0.0/cryptoRandomString.ts": "23b1768e279c6aacdf40cab7d292e98023f228745984d844c2e7678ce9041441",
    "https://deno.land/x/crypto_random_string@1.0.0/deps.ts": "c48743a2a5a5f333b26c7e3625008ef098cc5a36a6e4c6b9e0247fb7c33c161f",
    "https://deno.land/x/crypto_random_string@1.0.0/mod.ts": "f5513407c5efa5d4d25a61965ad5a3cd62d0f7d57246fe8db4b8d2ef2a630380",
    "https://deno.land/x/semaphore@v1.1.1/mod.ts": "431abb51927a16c537cec1cfb05bf2de6a8f3916331f1ec3f9f13ad7ad6a4ea5",
    "https://deno.land/x/semaphore@v1.1.1/mutex.ts": "2cc6490481f0fdfe97c6b326a2073819d76b76eac3877864a8ada6a2127492f2",
    "https://deno.land/x/semaphore@v1.1.1/semaphore.ts": "0acf1159d635fa3b9198a4ad4acac9e877d79196601aa80544ac0db5a71c646d",
    "https://jspm.dev/npm:seedrandom@3.0.5!cjs": "b726cc1a41e99691c25d6af1711b75353494b59e7d530d8e93c1b40a002ce9a1",
    "https://jspm.dev/npm:seedrandom@3.0.5/lib/alea!cjs": "a5f648ecf27278fa971c3a5c9c97de3451b91f814106b6dfa03d3fdff7ab62f5",
    "https://jspm.dev/npm:seedrandom@3.0.5/lib/xor4096.js!cjs": "e2792a8423247a660ff36e4686d19e338293d7adf3cd23d5eead032f2a204ade",
    "https://jspm.dev/npm:seedrandom@3.0.5/seedrandom!cjs": "90156324b6b69efad145fb802607a81c977e0633089758a388f28d2f72c72d91",
    "https://jspm.dev/seedrandom": "dce9ea596ca9b58319a2a159e24ccfae3d7400dd0b8b4d6aa896db98cc2d6896",
    "https://raw.githubusercontent.com/alextes/vegas/main/mod.ts": "122b3c826dc6c5de5d95389f397c5ff69fcd7a3dfca75cc010b41017b2245817",
    "https://raw.githubusercontent.com/alextes/vegas/main/seedrandom.d.ts": "a57cf3cedabf87b87d8fe36dd2e846dd4bdbb878caf6e3e9c7d4848b73267523"
  },
  "npm": {
    "specifiers": { "utility-types": "utility-types@3.10.0" },
    "packages": {
      "utility-types@3.10.0": {
        "integrity": "sha512-O11mqxmi7wMKCo6HKFt5AhO4BwY3VV68YU07tgxfz8zJTIxr4BpsezN49Ffwy9j3ZpwwJp4fkRwjRzq3uWE6Rg==",
        "dependencies": {}
      }
    }
  }
}
