{
  "version": "2",
  "remote": {
    "https://deno.land/std@0.162.0/datetime/formatter.ts": "7c8e6d16a0950f400aef41b9f1eb9168249869776ec520265dfda785d746589e",
    "https://deno.land/std@0.162.0/datetime/mod.ts": "ea927ca96dfb28c7b9a5eed5bdc7ac46bb9db38038c4922631895cea342fea87",
    "https://deno.land/std@0.162.0/datetime/tokenizer.ts": "7381e28f6ab51cb504c7e132be31773d73ef2f3e1e50a812736962b9df1e8c47",
    "https://deno.land/x/semaphore@v1.1.1/mod.ts": "431abb51927a16c537cec1cfb05bf2de6a8f3916331f1ec3f9f13ad7ad6a4ea5",
    "https://deno.land/x/semaphore@v1.1.1/mutex.ts": "2cc6490481f0fdfe97c6b326a2073819d76b76eac3877864a8ada6a2127492f2",
    "https://deno.land/x/semaphore@v1.1.1/semaphore.ts": "0acf1159d635fa3b9198a4ad4acac9e877d79196601aa80544ac0db5a71c646d",
    "https://jspm.dev/npm:seedrandom@3.0.5!cjs": "b726cc1a41e99691c25d6af1711b75353494b59e7d530d8e93c1b40a002ce9a1",
    "https://jspm.dev/npm:seedrandom@3.0.5/lib/alea!cjs": "a5f648ecf27278fa971c3a5c9c97de3451b91f814106b6dfa03d3fdff7ab62f5",
    "https://jspm.dev/npm:seedrandom@3.0.5/lib/xor4096.js!cjs": "e2792a8423247a660ff36e4686d19e338293d7adf3cd23d5eead032f2a204ade",
    "https://jspm.dev/npm:seedrandom@3.0.5/seedrandom!cjs": "90156324b6b69efad145fb802607a81c977e0633089758a388f28d2f72c72d91",
    "https://jspm.dev/seedrandom": "dce9ea596ca9b58319a2a159e24ccfae3d7400dd0b8b4d6aa896db98cc2d6896",
    "https://raw.githubusercontent.com/alextes/vegas/main/mod.ts": "122b3c826dc6c5de5d95389f397c5ff69fcd7a3dfca75cc010b41017b2245817",
    "https://raw.githubusercontent.com/alextes/vegas/main/seedrandom.d.ts": "a57cf3cedabf87b87d8fe36dd2e846dd4bdbb878caf6e3e9c7d4848b73267523"
  }
}
